
Microsoft Visual Studio Solution File, Format Version 12.00
# Visual Studio Version 17
VisualStudioVersion = 17.3.32901.215
MinimumVisualStudioVersion = 10.0.40219.1
Project("{9A19103F-16F7-4668-BE54-9A1E7A4F7556}") = "LanguageCompiler.Lexer", "LanguageCompiler.Lexer\LanguageCompiler.Lexer.csproj", "{0F807964-BC25-42BF-9C0D-95A2A8D87777}"
EndProject
Project("{9A19103F-16F7-4668-BE54-9A1E7A4F7556}") = "LanguageCompiler.Console", "LanguageCompiler.Console\LanguageCompiler.Console.csproj", "{4A8713A0-6F82-4759-93B7-760099D5A48B}"
EndProject
Project("{FAE04EC0-301F-11D3-BF4B-00C04F79EFBC}") = "LanguageCompiler.Parser", "LanguageCompiler.Parser\LanguageCompiler.Parser.csproj", "{861E49A6-4756-4E67-AAA6-C972A8C94C88}"
EndProject
Global
	GlobalSection(SolutionConfigurationPlatforms) = preSolution
		Debug|Any CPU = Debug|Any CPU
		Release|Any CPU = Release|Any CPU
	EndGlobalSection
	GlobalSection(ProjectConfigurationPlatforms) = postSolution
		{0F807964-BC25-42BF-9C0D-95A2A8D87777}.Debug|Any CPU.ActiveCfg = Debug|Any CPU
		{0F807964-BC25-42BF-9C0D-95A2A8D87777}.Debug|Any CPU.Build.0 = Debug|Any CPU
		{0F807964-BC25-42BF-9C0D-95A2A8D87777}.Release|Any CPU.ActiveCfg = Release|Any CPU
		{0F807964-BC25-42BF-9C0D-95A2A8D87777}.Release|Any CPU.Build.0 = Release|Any CPU
		{4A8713A0-6F82-4759-93B7-760099D5A48B}.Debug|Any CPU.ActiveCfg = Debug|Any CPU
		{4A8713A0-6F82-4759-93B7-760099D5A48B}.Debug|Any CPU.Build.0 = Debug|Any CPU
		{4A8713A0-6F82-4759-93B7-760099D5A48B}.Release|Any CPU.ActiveCfg = Release|Any CPU
		{4A8713A0-6F82-4759-93B7-760099D5A48B}.Release|Any CPU.Build.0 = Release|Any CPU
		{861E49A6-4756-4E67-AAA6-C972A8C94C88}.Debug|Any CPU.ActiveCfg = Debug|Any CPU
		{861E49A6-4756-4E67-AAA6-C972A8C94C88}.Debug|Any CPU.Build.0 = Debug|Any CPU
		{861E49A6-4756-4E67-AAA6-C972A8C94C88}.Release|Any CPU.ActiveCfg = Release|Any CPU
		{861E49A6-4756-4E67-AAA6-C972A8C94C88}.Release|Any CPU.Build.0 = Release|Any CPU
	EndGlobalSection
	GlobalSection(SolutionProperties) = preSolution
		HideSolutionNode = FALSE
	EndGlobalSection
	GlobalSection(ExtensibilityGlobals) = postSolution
		SolutionGuid = {C2E07491-59C4-460D-AF40-0F0D8FBBD4C2}
	EndGlobalSection
EndGlobal
